<Solution>
  <Folder Name="/benchmarks/">
    <Project Path="benchmarks/MarkdownLd.Kb.Benchmarks/MarkdownLd.Kb.Benchmarks.csproj" />
  </Folder>
  <Folder Name="/src/">
    <Project Path="src/MarkdownLd.Kb/MarkdownLd.Kb.csproj" />
  </Folder>
  <Folder Name="/tests/">
    <Project Path="tests/MarkdownLd.Kb.Tests/MarkdownLd.Kb.Tests.csproj" />
  </Folder>
</Solution>
